
Microsoft Visual Studio Solution File, Format Version 12.00
# Visual Studio Version 17
VisualStudioVersion = 17.4.33205.214
MinimumVisualStudioVersion = 10.0.40219.1
Project("{9A19103F-16F7-4668-BE54-9A1E7A4F7556}") = "ioRulesEngine.ConsoleApp", "ioRuleEngine.ConsoleApp\ioRulesEngine.ConsoleApp.csproj", "{CC4033B3-A2C3-47F8-BF62-7C90CD179B08}"
EndProject
Global
	GlobalSection(SolutionConfigurationPlatforms) = preSolution
		Debug|Any CPU = Debug|Any CPU
		Release|Any CPU = Release|Any CPU
	EndGlobalSection
	GlobalSection(ProjectConfigurationPlatforms) = postSolution
		{CC4033B3-A2C3-47F8-BF62-7C90CD179B08}.Debug|Any CPU.ActiveCfg = Debug|Any CPU
		{CC4033B3-A2C3-47F8-BF62-7C90CD179B08}.Debug|Any CPU.Build.0 = Debug|Any CPU
		{CC4033B3-A2C3-47F8-BF62-7C90CD179B08}.Release|Any CPU.ActiveCfg = Release|Any CPU
		{CC4033B3-A2C3-47F8-BF62-7C90CD179B08}.Release|Any CPU.Build.0 = Release|Any CPU
	EndGlobalSection
	GlobalSection(SolutionProperties) = preSolution
		HideSolutionNode = FALSE
	EndGlobalSection
	GlobalSection(ExtensibilityGlobals) = postSolution
		SolutionGuid = {80C67F06-9BDD-4E9B-A3F5-A5107C6B8BDF}
	EndGlobalSection
EndGlobal
